{
  "nodes": {
    "a2141-brcm-firmware": {
      "flake": false,
      "locked": {
        "lastModified": 1768757187,
        "narHash": "sha256-87UI3d1fn47kpi7NdKsgp80BZ8x6BNln2xfemCgwWDU=",
        "owner": "sshawn9",
        "repo": "a2141-brcm-firmware",
        "rev": "c2d5dd0187a78ed29d88b535db36142dcc450edf",
        "type": "github"
      },
      "original": {
        "owner": "sshawn9",
        "repo": "a2141-brcm-firmware",
        "type": "github"
      }
    },
    "aw-watcher-input-src": {
      "flake": false,
      "locked": {
        "lastModified": 1729183135,
        "narHash": "sha256-T7RIzrv+WzA5gEUlU/0dR1Fl0b8zH8q/q80WMBIosPM=",
        "owner": "ActivityWatch",
        "repo": "aw-watcher-input",
        "rev": "9bb5045456524b215ae11f422b80ec728c93bac7",
        "type": "github"
      },
      "original": {
        "owner": "ActivityWatch",
        "repo": "aw-watcher-input",
        "type": "github"
      }
    },
    "aw-watcher-utilization-src": {
      "flake": false,
      "locked": {
        "lastModified": 1729684000,
        "narHash": "sha256-8bKMCg6I7+0nOrdOplX4VT417Lti+3PHIn3x8Ik24BU=",
        "owner": "Alwinator",
        "repo": "aw-watcher-utilization",
        "rev": "d0d701b589dff0e1653b581b84e050d6b4369745",
        "type": "github"
      },
      "original": {
        "owner": "Alwinator",
        "repo": "aw-watcher-utilization",
        "type": "github"
      }
    },
    "bluetooth-auth": {
      "inputs": {
        "flake-parts": [
          "flake-parts"
        ],
        "nixpkgs": [
          "nixpkgs-unstable"
        ],
        "pyproject-build-systems": "pyproject-build-systems",
        "pyproject-nix": "pyproject-nix",
        "uv2nix": "uv2nix"
      },
      "locked": {
        "lastModified": 1782075909,
        "narHash": "sha256-hhn1QkUSAmWRLr3Xo5BC9SX6aC/GwNlW7lqQ2qvpRVU=",
        "owner": "sshawn9",
        "repo": "bluetooth-auth",
        "rev": "9b2a34377d4d3d76c35912b9612e136526fc3c8d",
        "type": "github"
      },
      "original": {
        "owner": "sshawn9",
        "repo": "bluetooth-auth",
        "type": "github"
      }
    },
    "cachyos-kernel": {
      "flake": false,
      "locked": {
        "lastModified": 1781883168,
        "narHash": "sha256-raAojJGk0aWdscfFn/9ikZ6V5oUuAZcAz5kjAZ2QN3E=",
        "owner": "CachyOS",
        "repo": "linux-cachyos",
        "rev": "daed450e9b1a4fadfef68fb4fa5e2f3391fedb34",
        "type": "github"
      },
      "original": {
        "owner": "CachyOS",
        "repo": "linux-cachyos",
        "type": "github"
      }
    },
    "cachyos-kernel-patches": {
      "flake": false,
      "locked": {
        "lastModified": 1781953785,
        "narHash": "sha256-YgEE1a5QdKd47AfRoU5G8nm0gGzeCuPN2emupNDMQcc=",
        "owner": "CachyOS",
        "repo": "kernel-patches",
        "rev": "e8e9d325eea25f5664e045787c19baac661828de",
        "type": "github"
      },
      "original": {
        "owner": "CachyOS",
        "repo": "kernel-patches",
        "type": "github"
      }
    },
    "catppuccin": {
      "inputs": {
        "nixpkgs": [
          "nixpkgs-unstable"
        ]
      },
      "locked": {
        "lastModified": 1782117778,
        "narHash": "sha256-x6vIJpJziw3Hs0JKKDP+AeRPWwqyMDOmK6I26tqbYj4=",
        "owner": "catppuccin",
        "repo": "nix",
        "rev": "e98afe2dfd950bda4e6a8ef32bb563ec2f04505a",
        "type": "github"
      },
      "original": {
        "owner": "catppuccin",
        "repo": "nix",
        "type": "github"
      }
    },
    "claude-code-nix": {
      "inputs": {
        "flake-utils": "flake-utils",
        "nixpkgs": [
          "nixpkgs-unstable"
        ]
      },
      "locked": {
        "lastModified": 1781990783,
        "narHash": "sha256-yfxxFMOkTbGnzCaim7h+H92Cb9DgeyVTtWtVrtDqs80=",
        "owner": "sadjow",
        "repo": "claude-code-nix",
        "rev": "a020d210d15807efebdf18aa1ff84f893956b714",
        "type": "github"
      },
      "original": {
        "owner": "sadjow",
        "repo": "claude-code-nix",
        "type": "github"
      }
    },
    "crane": {
      "locked": {
        "lastModified": 1781825982,
        "narHash": "sha256-SlXKwIRIhrOSAcTjCB3ftPLzJWZStQIPS7J1FlZPnKk=",
        "owner": "ipetkov",
        "repo": "crane",
        "rev": "469fd08d0bcf6926321fa973c6777fbc87785dd7",
        "type": "github"
      },
      "original": {
        "owner": "ipetkov",
        "repo": "crane",
        "type": "github"
      }
    },
    "daeuniverse": {
      "inputs": {
        "flake-parts": [
          "flake-parts"
        ],
        "nixpkgs": [
          "nixpkgs-unstable"
        ]
      },
      "locked": {
        "lastModified": 1781407285,
        "narHash": "sha256-xVYNYbd9cPY18yrOn2Ysh7ecZknQj4y67o58MIOXbsI=",
        "owner": "daeuniverse",
        "repo": "flake.nix",
        "rev": "e13041c9a160defbc6aac95bcb88ba5c43cf25ae",
        "type": "github"
      },
      "original": {
        "owner": "daeuniverse",
        "repo": "flake.nix",
        "type": "github"
      }
    },
    "flake-compat": {
      "flake": false,
      "locked": {
        "lastModified": 1767039857,
        "narHash": "sha256-vNpUSpF5Nuw8xvDLj2KCwwksIbjua2LZCqhV1LNRDns=",
        "owner": "NixOS",
        "repo": "flake-compat",
        "rev": "5edf11c44bc78a0d334f6334cdaf7d60d732daab",
        "type": "github"
      },
      "original": {
        "owner": "NixOS",
        "repo": "flake-compat",
        "type": "github"
      }
    },
    "flake-parts": {
      "inputs": {
        "nixpkgs-lib": [
          "nixpkgs-unstable"
        ]
      },
      "locked": {
        "lastModified": 1778716662,
        "narHash": "sha256-m1Yf0wZ8j1OHjTc2UwHwyQRSnNeSgLJOd7q5Y45hzi4=",
        "owner": "hercules-ci",
        "repo": "flake-parts",
        "rev": "f7c1a2d347e4c52d5fb8d10cb4d94b5884e546fb",
        "type": "github"
      },
      "original": {
        "owner": "hercules-ci",
        "repo": "flake-parts",
        "type": "github"
      }
    },
    "flake-parts_2": {
      "inputs": {
        "nixpkgs-lib": "nixpkgs-lib"
      },
      "locked": {
        "lastModified": 1778716662,
        "narHash": "sha256-m1Yf0wZ8j1OHjTc2UwHwyQRSnNeSgLJOd7q5Y45hzi4=",
        "owner": "hercules-ci",
        "repo": "flake-parts",
        "rev": "f7c1a2d347e4c52d5fb8d10cb4d94b5884e546fb",
        "type": "github"
      },
      "original": {
        "owner": "hercules-ci",
        "repo": "flake-parts",
        "type": "github"
      }
    },
    "flake-utils": {
      "inputs": {
        "systems": "systems"
      },
      "locked": {
        "lastModified": 1731533236,
        "narHash": "sha256-l0KFg5HjrsfsO/JpG+r7fRrqm12kzFHyUHqHCVpMMbI=",
        "owner": "numtide",
        "repo": "flake-utils",
        "rev": "11707dc2f618dd54ca8739b309ec4fc024de578b",
        "type": "github"
      },
      "original": {
        "owner": "numtide",
        "repo": "flake-utils",
        "type": "github"
      }
    },
    "haumea": {
      "inputs": {
        "nixpkgs": [
          "nixpkgs-unstable"
        ]
      },
      "locked": {
        "lastModified": 1781965792,
        "narHash": "sha256-RHVZH09T+5Bb2kSA993iuBdMLnaDodIRrrgoz3DUHxQ=",
        "owner": "nix-community",
        "repo": "haumea",
        "rev": "4c86b0b1bbde7982856caba304aa88ee027317f1",
        "type": "github"
      },
      "original": {
        "owner": "nix-community",
        "repo": "haumea",
        "type": "github"
      }
    },
    "home-manager": {
      "inputs": {
        "nixpkgs": [
          "nixpkgs"
        ]
      },
      "locked": {
        "lastModified": 1782154529,
        "narHash": "sha256-mVdyS2SxbPGNHTJX4n4EUMT/S2BPyZJ/ZR2UhkJcSF4=",
        "owner": "nix-community",
        "repo": "home-manager",
        "rev": "af11a877f238208676b596a5b6c3f3d8dcf5a86b",
        "type": "github"
      },
      "original": {
        "owner": "nix-community",
        "repo": "home-manager",
        "type": "github"
      }
    },
    "mousehop": {
      "inputs": {
        "nixpkgs": "nixpkgs",
        "rust-overlay": "rust-overlay"
      },
      "locked": {
        "lastModified": 1781791826,
        "narHash": "sha256-XHXnJcmL55B7QQZ+zygR42nMSdJtohaijPSYDVCV+pI=",
        "owner": "jondkinney",
        "repo": "mousehop",
        "rev": "7a1efa030523a5c7263abab2ce23c01ae7f4875c",
        "type": "github"
      },
      "original": {
        "owner": "jondkinney",
        "ref": "v0.14.2",
        "repo": "mousehop",
        "type": "github"
      }
    },
    "nix-cachyos-kernel": {
      "inputs": {
        "cachyos-kernel": "cachyos-kernel",
        "cachyos-kernel-patches": "cachyos-kernel-patches",
        "flake-compat": "flake-compat",
        "flake-parts": "flake-parts_2",
        "nixpkgs": "nixpkgs_2"
      },
      "locked": {
        "lastModified": 1782068713,
        "narHash": "sha256-Vujeg1QyOCnEMCNV1U7aFDllD0w2lEl8c0uJyKM+cOI=",
        "owner": "xddxdd",
        "repo": "nix-cachyos-kernel",
        "rev": "756ed060ca6adcdf3e65371e3725b89c58a1354d",
        "type": "github"
      },
      "original": {
        "owner": "xddxdd",
        "ref": "release",
        "repo": "nix-cachyos-kernel",
        "type": "github"
      }
    },
    "nix-darwin": {
      "inputs": {
        "nixpkgs": [
          "nixpkgs"
        ]
      },
      "locked": {
        "lastModified": 1781761792,
        "narHash": "sha256-rCPytmKNjctLloB6UgK5CRrHSwV4b0ygxtJLPPp8R14=",
        "owner": "nix-darwin",
        "repo": "nix-darwin",
        "rev": "a1fa429e945becaf60468600daf649be4ba0350c",
        "type": "github"
      },
      "original": {
        "owner": "nix-darwin",
        "repo": "nix-darwin",
        "type": "github"
      }
    },
    "nix-index-database": {
      "inputs": {
        "nixpkgs": [
          "nixpkgs"
        ]
      },
      "locked": {
        "lastModified": 1782030356,
        "narHash": "sha256-h4WpMr455AfRub0FXBaon6Vcpe0waUyJ4GivIW6oyd4=",
        "owner": "nix-community",
        "repo": "nix-index-database",
        "rev": "3017088b49efd404f78e3b104f553b97e4af786b",
        "type": "github"
      },
      "original": {
        "owner": "nix-community",
        "repo": "nix-index-database",
        "type": "github"
      }
    },
    "nixos-hardware": {
      "inputs": {
        "nixpkgs": [
          "nixpkgs"
        ]
      },
      "locked": {
        "lastModified": 1781622756,
        "narHash": "sha256-JrPh4M6S7aPsEE9tOENuZrxC6o2szSLlK+t4+nLke9s=",
        "owner": "NixOS",
        "repo": "nixos-hardware",
        "rev": "08018c72174a4df5657f8d94178ac69fb9c243e5",
        "type": "github"
      },
      "original": {
        "owner": "NixOS",
        "repo": "nixos-hardware",
        "type": "github"
      }
    },
    "nixpkgs": {
      "locked": {
        "lastModified": 1772963539,
        "narHash": "sha256-9jVDGZnvCckTGdYT53d/EfznygLskyLQXYwJLKMPsZs=",
        "owner": "nixos",
        "repo": "nixpkgs",
        "rev": "9dcb002ca1690658be4a04645215baea8b95f31d",
        "type": "github"
      },
      "original": {
        "owner": "nixos",
        "ref": "nixos-unstable",
        "repo": "nixpkgs",
        "type": "github"
      }
    },
    "nixpkgs-2511": {
      "locked": {
        "lastModified": 1781509190,
        "narHash": "sha256-uJZs9Di8I6ciTp6jiojj0HzlNpBkud8ax5aT/O5aJkw=",
        "owner": "NixOS",
        "repo": "nixpkgs",
        "rev": "d6df3513510aa548c83868fd22bfddd0a8c0a0d4",
        "type": "github"
      },
      "original": {
        "owner": "NixOS",
        "ref": "nixos-25.11",
        "repo": "nixpkgs",
        "type": "github"
      }
    },
    "nixpkgs-2605": {
      "locked": {
        "lastModified": 1781808408,
        "narHash": "sha256-0sOb6OIaD/K1zHxBhpmlKvkADfe0n8+l4Jj2e1Q0r3w=",
        "owner": "NixOS",
        "repo": "nixpkgs",
        "rev": "e8210c649915deed7080033cdbabcc19e40bb899",
        "type": "github"
      },
      "original": {
        "owner": "NixOS",
        "ref": "nixos-26.05",
        "repo": "nixpkgs",
        "type": "github"
      }
    },
    "nixpkgs-lib": {
      "locked": {
        "lastModified": 1777168982,
        "narHash": "sha256-GOkGPcboWE9BmGCRMLX3worL4EMnsnG8MyKmXNeYuhQ=",
        "owner": "nix-community",
        "repo": "nixpkgs.lib",
        "rev": "f5901329dade4a6ea039af1433fb087bd9c1fe14",
        "type": "github"
      },
      "original": {
        "owner": "nix-community",
        "repo": "nixpkgs.lib",
        "type": "github"
      }
    },
    "nixpkgs-unstable": {
      "locked": {
        "lastModified": 1781577229,
        "narHash": "sha256-lrp67w8AulE9Ks53n27I45ADSzbOCn4H+CNW1Ck8B+8=",
        "owner": "NixOS",
        "repo": "nixpkgs",
        "rev": "567a49d1913ce81ac6e9582e3553dd90a955875f",
        "type": "github"
      },
      "original": {
        "owner": "NixOS",
        "ref": "nixos-unstable",
        "repo": "nixpkgs",
        "type": "github"
      }
    },
    "nixpkgs_2": {
      "locked": {
        "lastModified": 1782014548,
        "narHash": "sha256-zYKx9xcbPvk4zOzkny3w2/AkuKhJqGwRD+piA3urkx8=",
        "owner": "NixOS",
        "repo": "nixpkgs",
        "rev": "72349305fb839e27697873de7a4ce3a98c378f48",
        "type": "github"
      },
      "original": {
        "owner": "NixOS",
        "ref": "nixos-unstable-small",
        "repo": "nixpkgs",
        "type": "github"
      }
    },
    "noctalia": {
      "inputs": {
        "nixpkgs": [
          "nixpkgs-unstable"
        ],
        "noctalia-qs": "noctalia-qs"
      },
      "locked": {
        "lastModified": 1778694557,
        "narHash": "sha256-QszLpoDPD7JEv8B/w1U2u1ksBw/CYBDmwUTLhJrekF0=",
        "owner": "noctalia-dev",
        "repo": "noctalia-shell",
        "rev": "3abfa1fc09b62dc4cdeeb7b787886f075696f0b7",
        "type": "github"
      },
      "original": {
        "owner": "noctalia-dev",
        "ref": "v4.7.7",
        "repo": "noctalia-shell",
        "type": "github"
      }
    },
    "noctalia-qs": {
      "inputs": {
        "nixpkgs": [
          "nixpkgs-unstable"
        ],
        "systems": "systems_2",
        "treefmt-nix": [
          "treefmt-nix"
        ]
      },
      "locked": {
        "lastModified": 1778377995,
        "narHash": "sha256-uUzHDHqQF1rdVNiTa05L0mML3/d7fpbAShjCRWxbrBQ=",
        "owner": "noctalia-dev",
        "repo": "noctalia-qs",
        "rev": "d8327a723eed6dd9aebe8e0b162126f390e827df",
        "type": "github"
      },
      "original": {
        "owner": "noctalia-dev",
        "repo": "noctalia-qs",
        "type": "github"
      }
    },
    "openfang": {
      "inputs": {
        "flake-parts": [
          "flake-parts"
        ],
        "nixpkgs": [
          "nixpkgs-unstable"
        ],
        "rust-flake": "rust-flake"
      },
      "locked": {
        "lastModified": 1778611328,
        "narHash": "sha256-Zz+lFS2bLdb7F4/Ogdc2xrr9rACEzCijdfeAEXIUmnw=",
        "owner": "RightNow-AI",
        "repo": "openfang",
        "rev": "acf2587e46be174c10200489c9a2d23a39a98aeb",
        "type": "github"
      },
      "original": {
        "owner": "RightNow-AI",
        "repo": "openfang",
        "type": "github"
      }
    },
    "pyproject-build-systems": {
      "inputs": {
        "nixpkgs": [
          "bluetooth-auth",
          "nixpkgs"
        ],
        "pyproject-nix": [
          "bluetooth-auth",
          "pyproject-nix"
        ],
        "uv2nix": [
          "bluetooth-auth",
          "uv2nix"
        ]
      },
      "locked": {
        "lastModified": 1781807804,
        "narHash": "sha256-04KFQME8sE1LSywNiYS1B6Ucf5rEiUD7/vxwFMgooXU=",
        "owner": "pyproject-nix",
        "repo": "build-system-pkgs",
        "rev": "b84e03a7870c66033d309e0e00abd513e2299627",
        "type": "github"
      },
      "original": {
        "owner": "pyproject-nix",
        "repo": "build-system-pkgs",
        "type": "github"
      }
    },
    "pyproject-nix": {
      "inputs": {
        "nixpkgs": [
          "bluetooth-auth",
          "nixpkgs"
        ]
      },
      "locked": {
        "lastModified": 1781812259,
        "narHash": "sha256-uRqDouxg3b0EuOHQd1HhmFZouHebM7pz+H6EWAXd3FM=",
        "owner": "pyproject-nix",
        "repo": "pyproject.nix",
        "rev": "d9847acff422152a03764fd60c96ae0dd9f9fa73",
        "type": "github"
      },
      "original": {
        "owner": "pyproject-nix",
        "repo": "pyproject.nix",
        "type": "github"
      }
    },
    "rime-ice": {
      "flake": false,
      "locked": {
        "lastModified": 1781944330,
        "narHash": "sha256-YftR6KfbWZ4zpXLvO7V4Mo6GXeSJzTRioPf1sUxm6Lk=",
        "owner": "iDvel",
        "repo": "rime-ice",
        "rev": "3ec476e9ca7f236d405481b6db6bb613754bc72d",
        "type": "github"
      },
      "original": {
        "owner": "iDvel",
        "repo": "rime-ice",
        "type": "github"
      }
    },
    "root": {
      "inputs": {
        "a2141-brcm-firmware": "a2141-brcm-firmware",
        "aw-watcher-input-src": "aw-watcher-input-src",
        "aw-watcher-utilization-src": "aw-watcher-utilization-src",
        "bluetooth-auth": "bluetooth-auth",
        "catppuccin": "catppuccin",
        "claude-code-nix": "claude-code-nix",
        "daeuniverse": "daeuniverse",
        "flake-parts": "flake-parts",
        "haumea": "haumea",
        "home-manager": "home-manager",
        "mousehop": "mousehop",
        "nix-cachyos-kernel": "nix-cachyos-kernel",
        "nix-darwin": "nix-darwin",
        "nix-index-database": "nix-index-database",
        "nixos-hardware": "nixos-hardware",
        "nixpkgs": [
          "nixpkgs-unstable"
        ],
        "nixpkgs-2511": "nixpkgs-2511",
        "nixpkgs-2605": "nixpkgs-2605",
        "nixpkgs-stable": [
          "nixpkgs-2605"
        ],
        "nixpkgs-unstable": "nixpkgs-unstable",
        "noctalia": "noctalia",
        "openfang": "openfang",
        "rime-ice": "rime-ice",
        "rust-overlay": "rust-overlay_2",
        "sops-nix": "sops-nix",
        "t2fanrd": "t2fanrd",
        "treefmt-nix": "treefmt-nix",
        "treefmt-preset": "treefmt-preset"
      }
    },
    "rust-flake": {
      "inputs": {
        "crane": "crane",
        "nixpkgs": [
          "nixpkgs-unstable"
        ],
        "rust-overlay": [
          "rust-overlay"
        ]
      },
      "locked": {
        "lastModified": 1782075301,
        "narHash": "sha256-1tfQHjITD8J3uVk7cvrvK8CcOanIKGHMInmJok14BzA=",
        "owner": "juspay",
        "repo": "rust-flake",
        "rev": "fa3e80e5a3dbb09c3b9b4df4c9a6eb5cc8fa460a",
        "type": "github"
      },
      "original": {
        "owner": "juspay",
        "repo": "rust-flake",
        "type": "github"
      }
    },
    "rust-overlay": {
      "inputs": {
        "nixpkgs": [
          "mousehop",
          "nixpkgs"
        ]
      },
      "locked": {
        "lastModified": 1773025773,
        "narHash": "sha256-Wik8+xApNfldpUFjPmJkPdg0RrvUPSWGIZis+A/0N1w=",
        "owner": "oxalica",
        "repo": "rust-overlay",
        "rev": "3c06fdbbd36ff60386a1e590ee0cd52dcd1892bf",
        "type": "github"
      },
      "original": {
        "owner": "oxalica",
        "repo": "rust-overlay",
        "type": "github"
      }
    },
    "rust-overlay_2": {
      "inputs": {
        "nixpkgs": [
          "nixpkgs-unstable"
        ]
      },
      "locked": {
        "lastModified": 1782703273,
        "narHash": "sha256-WJPfr9EAWVIuTMyb/ilHKUYlg/RNa0xrNiWR+p1iHUg=",
        "owner": "oxalica",
        "repo": "rust-overlay",
        "rev": "5106a604b3d67cffe8eb51a8bd9f04e607f0d31d",
        "type": "github"
      },
      "original": {
        "owner": "oxalica",
        "repo": "rust-overlay",
        "type": "github"
      }
    },
    "sops-nix": {
      "inputs": {
        "nixpkgs": [
          "nixpkgs-unstable"
        ]
      },
      "locked": {
        "lastModified": 1781943681,
        "narHash": "sha256-NFHmA7H47adqiyp+0iEOyZOQhmigDqA/NBAlf4imB6U=",
        "owner": "Mic92",
        "repo": "sops-nix",
        "rev": "420f8d2e9882911f65cfac15cc706f639ba96cca",
        "type": "github"
      },
      "original": {
        "owner": "Mic92",
        "repo": "sops-nix",
        "type": "github"
      }
    },
    "systems": {
      "locked": {
        "lastModified": 1681028828,
        "narHash": "sha256-Vy1rq5AaRuLzOxct8nz4T6wlgyUR7zLU309k9mBC768=",
        "owner": "nix-systems",
        "repo": "default",
        "rev": "da67096a3b9bf56a91d16901293e51ba5b49a27e",
        "type": "github"
      },
      "original": {
        "owner": "nix-systems",
        "repo": "default",
        "type": "github"
      }
    },
    "systems_2": {
      "locked": {
        "lastModified": 1689347949,
        "narHash": "sha256-12tWmuL2zgBgZkdoB6qXZsgJEH9LR3oUgpaQq2RbI80=",
        "owner": "nix-systems",
        "repo": "default-linux",
        "rev": "31732fcf5e8fea42e59c2488ad31a0e651500f68",
        "type": "github"
      },
      "original": {
        "owner": "nix-systems",
        "repo": "default-linux",
        "type": "github"
      }
    },
    "t2fanrd": {
      "inputs": {
        "nixpkgs": [
          "nixpkgs-unstable"
        ]
      },
      "locked": {
        "lastModified": 1777412856,
        "narHash": "sha256-WrcIo3y9uFCuzgzbxc465FBS3zAZMQlfYszefkOUCWc=",
        "owner": "GnomedDev",
        "repo": "T2FanRD",
        "rev": "48baf962697ec3d4d969c74cf601ee8e15b7aeaa",
        "type": "github"
      },
      "original": {
        "owner": "GnomedDev",
        "repo": "T2FanRD",
        "type": "github"
      }
    },
    "treefmt-nix": {
      "inputs": {
        "nixpkgs": [
          "nixpkgs-unstable"
        ]
      },
      "locked": {
        "lastModified": 1780220602,
        "narHash": "sha256-eynAfOmbmxJnkp7YewvCEbShNnnYJ9gLLqkzsYtBPeM=",
        "owner": "numtide",
        "repo": "treefmt-nix",
        "rev": "db947814a175b7ca6ded66e21383d938df01c227",
        "type": "github"
      },
      "original": {
        "owner": "numtide",
        "repo": "treefmt-nix",
        "type": "github"
      }
    },
    "treefmt-preset": {
      "inputs": {
        "flake-parts": [
          "flake-parts"
        ],
        "nixpkgs": [
          "nixpkgs-unstable"
        ],
        "treefmt-nix": [
          "treefmt-nix"
        ]
      },
      "locked": {
        "lastModified": 1780421321,
        "narHash": "sha256-attfprF76ZQepMgNcgv0vwdR1j2MF4mkzh0x7fVS9bg=",
        "owner": "sshawn9",
        "repo": "treefmt-preset",
        "rev": "0e0857c3de5a1c71cccf25a03d897ca5e205e5d2",
        "type": "github"
      },
      "original": {
        "owner": "sshawn9",
        "repo": "treefmt-preset",
        "type": "github"
      }
    },
    "uv2nix": {
      "inputs": {
        "nixpkgs": [
          "bluetooth-auth",
          "nixpkgs"
        ],
        "pyproject-nix": [
          "bluetooth-auth",
          "pyproject-nix"
        ]
      },
      "locked": {
        "lastModified": 1781810314,
        "narHash": "sha256-PQfvfKWaBvCysdHFUO5GewwvwIqI/WL6OcrJhDSUdbc=",
        "owner": "pyproject-nix",
        "repo": "uv2nix",
        "rev": "14aa44100859a44144878fe079f8089d3fa4dc4e",
        "type": "github"
      },
      "original": {
        "owner": "pyproject-nix",
        "repo": "uv2nix",
        "type": "github"
      }
    }
  },
  "root": "root",
  "version": 7
}
